lockfileVersion: '9.0'

settings:
  autoInstallPeers: true
  excludeLinksFromLockfile: false

importers:

  .:
    dependencies:
      ai:
        specifier: 5.0.0-beta.19
        version: 5.0.0-beta.19(zod@3.25.76)
      typescript:
        specifier: ^5.8.3
        version: 5.8.3
      zod:
        specifier: ^3.25.76
        version: 3.25.76

packages:

  '@ai-sdk/gateway@1.0.0-beta.8':
    resolution: {integrity: sha512-D2SqYRT/42JTiRxUuiWtn5cYQFscpb9Z14UNvJx7lnurBUXx57zy7TbLH0h7O+WbCluTQN5G6146JpUZ/SRyzw==}
    engines: {node: '>=18'}
    peerDependencies:
      zod: ^3.25.49 || ^4

  '@ai-sdk/provider-utils@3.0.0-beta.3':
    resolution: {integrity: sha512-4gZ392GxjzMF7TnReF2eTKhOSyiSS3ydRVq4I7jxkeV5sdEuMoH3gzfItmlctsqGxlMU1/+zKPwl5yYz9O2dzg==}
    engines: {node: '>=18'}
    peerDependencies:
      zod: ^3.25.49 || ^4

  '@ai-sdk/provider@2.0.0-beta.1':
    resolution: {integrity: sha512-Z8SPncMtS3RsoXITmT7NVwrAq6M44dmw0DoUOYJqNNtCu8iMWuxB8Nxsoqpa0uEEy9R1V1ZThJAXTYgjTUxl3w==}
    engines: {node: '>=18'}

  '@opentelemetry/api@1.9.0':
    resolution: {integrity: sha512-3giAOQvZiH5F9bMlMiv8+GSPMeqg0dbaeo58/0SlA9sxSqZhnUtxzX9/2FzyhS9sWQf5S0GJE0AKBrFqjpeYcg==}
    engines: {node: '>=8.0.0'}

  '@standard-schema/spec@1.0.0':
    resolution: {integrity: sha512-m2bOd0f2RT9k8QJx1JN85cZYyH1RqFBdlwtkSlf4tBDYLCiiZnv1fIIwacK6cqwXavOydf0NPToMQgpKq+dVlA==}

  ai@5.0.0-beta.19:
    resolution: {integrity: sha512-oBBQMUUZde/p4FlYdxteh5LCq6v8XQnD4oujHZ3OvwCbLDP/t9VYBq/fx8HKQ48AcKU2uTkvSy3q697SfajAbw==}
    engines: {node: '>=18'}
    hasBin: true
    peerDependencies:
      zod: ^3.25.49 || ^4

  eventsource-parser@3.0.3:
    resolution: {integrity: sha512-nVpZkTMM9rF6AQ9gPJpFsNAMt48wIzB5TQgiTLdHiuO8XEDhUgZEhqKlZWXbIzo9VmJ/HvysHqEaVeD5v9TPvA==}
    engines: {node: '>=20.0.0'}

  json-schema@0.4.0:
    resolution: {integrity: sha512-es94M3nTIfsEPisRafak+HDLfHXnKBhV3vU5eqPcS3flIWqcxJWgXHXiey3YrpaNsanY5ei1VoYEbOzijuq9BA==}

  typescript@5.8.3:
    resolution: {integrity: sha512-p1diW6TqL9L07nNxvRMM7hMMw4c5XOo/1ibL4aAIGmSAt9slTE1Xgw5KWuof2uTOvCg9BY7ZRi+GaF+7sfgPeQ==}
    engines: {node: '>=14.17'}
    hasBin: true

  zod-to-json-schema@3.24.6:
    resolution: {integrity: sha512-h/z3PKvcTcTetyjl1fkj79MHNEjm+HpD6NXheWjzOekY7kV+lwDYnHw+ivHkijnCSMz1yJaWBD9vu/Fcmk+vEg==}
    peerDependencies:
      zod: ^3.24.1

  zod@3.25.76:
    resolution: {integrity: sha512-gzUt/qt81nXsFGKIFcC3YnfEAx5NkunCfnDlvuBSSFS02bcXu4Lmea0AFIUwbLWxWPx3d9p8S5QoaujKcNQxcQ==}

snapshots:

  '@ai-sdk/gateway@1.0.0-beta.8(zod@3.25.76)':
    dependencies:
      '@ai-sdk/provider': 2.0.0-beta.1
      '@ai-sdk/provider-utils': 3.0.0-beta.3(zod@3.25.76)
      zod: 3.25.76

  '@ai-sdk/provider-utils@3.0.0-beta.3(zod@3.25.76)':
    dependencies:
      '@ai-sdk/provider': 2.0.0-beta.1
      '@standard-schema/spec': 1.0.0
      eventsource-parser: 3.0.3
      zod: 3.25.76
      zod-to-json-schema: 3.24.6(zod@3.25.76)

  '@ai-sdk/provider@2.0.0-beta.1':
    dependencies:
      json-schema: 0.4.0

  '@opentelemetry/api@1.9.0': {}

  '@standard-schema/spec@1.0.0': {}

  ai@5.0.0-beta.19(zod@3.25.76):
    dependencies:
      '@ai-sdk/gateway': 1.0.0-beta.8(zod@3.25.76)
      '@ai-sdk/provider': 2.0.0-beta.1
      '@ai-sdk/provider-utils': 3.0.0-beta.3(zod@3.25.76)
      '@opentelemetry/api': 1.9.0
      zod: 3.25.76

  eventsource-parser@3.0.3: {}

  json-schema@0.4.0: {}

  typescript@5.8.3: {}

  zod-to-json-schema@3.24.6(zod@3.25.76):
    dependencies:
      zod: 3.25.76

  zod@3.25.76: {}
